
Microsoft Visual Studio Solution File, Format Version 12.00
# Visual Studio Version 17
VisualStudioVersion = 17.0.31903.59
MinimumVisualStudioVersion = 10.0.40219.1
Project("{FAE04EC0-301F-11D3-BF4B-00C04F79EFBC}") = "Client", "Client\Client.csproj", "{92BD31C4-57E0-4CE9-B552-60C3C1025EF9}"
EndProject
Project("{FAE04EC0-301F-11D3-BF4B-00C04F79EFBC}") = "Domain", "Domain\Domain.csproj", "{D641094E-6BDF-40A4-9F1A-49181F105AE3}"
EndProject
Global
	GlobalSection(SolutionConfigurationPlatforms) = preSolution
		Debug|Any CPU = Debug|Any CPU
		Release|Any CPU = Release|Any CPU
	EndGlobalSection
	GlobalSection(SolutionProperties) = preSolution
		HideSolutionNode = FALSE
	EndGlobalSection
	GlobalSection(ProjectConfigurationPlatforms) = postSolution
		{92BD31C4-57E0-4CE9-B552-60C3C1025EF9}.Debug|Any CPU.ActiveCfg = Debug|Any CPU
		{92BD31C4-57E0-4CE9-B552-60C3C1025EF9}.Debug|Any CPU.Build.0 = Debug|Any CPU
		{92BD31C4-57E0-4CE9-B552-60C3C1025EF9}.Release|Any CPU.ActiveCfg = Release|Any CPU
		{92BD31C4-57E0-4CE9-B552-60C3C1025EF9}.Release|Any CPU.Build.0 = Release|Any CPU
		{D641094E-6BDF-40A4-9F1A-49181F105AE3}.Debug|Any CPU.ActiveCfg = Debug|Any CPU
		{D641094E-6BDF-40A4-9F1A-49181F105AE3}.Debug|Any CPU.Build.0 = Debug|Any CPU
		{D641094E-6BDF-40A4-9F1A-49181F105AE3}.Release|Any CPU.ActiveCfg = Release|Any CPU
		{D641094E-6BDF-40A4-9F1A-49181F105AE3}.Release|Any CPU.Build.0 = Release|Any CPU
	EndGlobalSection
EndGlobal
